
Microsoft Visual Studio Solution File, Format Version 12.00
# Visual Studio Version 17
VisualStudioVersion = 17.4.33205.214
MinimumVisualStudioVersion = 10.0.40219.1
Project("{FAE04EC0-301F-11D3-BF4B-00C04F79EFBC}") = "Hangman", "Hangman\Hangman.csproj", "{BD95B000-7490-41C9-87E7-18C573CB9D0B}"
EndProject
Global
	GlobalSection(SolutionConfigurationPlatforms) = preSolution
		Debug|Any CPU = Debug|Any CPU
		Release|Any CPU = Release|Any CPU
	EndGlobalSection
	GlobalSection(ProjectConfigurationPlatforms) = postSolution
		{BD95B000-7490-41C9-87E7-18C573CB9D0B}.Debug|Any CPU.ActiveCfg = Debug|Any CPU
		{BD95B000-7490-41C9-87E7-18C573CB9D0B}.Debug|Any CPU.Build.0 = Debug|Any CPU
		{BD95B000-7490-41C9-87E7-18C573CB9D0B}.Release|Any CPU.ActiveCfg = Release|Any CPU
		{BD95B000-7490-41C9-87E7-18C573CB9D0B}.Release|Any CPU.Build.0 = Release|Any CPU
	EndGlobalSection
	GlobalSection(SolutionProperties) = preSolution
		HideSolutionNode = FALSE
	EndGlobalSection
	GlobalSection(ExtensibilityGlobals) = postSolution
		SolutionGuid = {543C9EC1-CAB3-4EBF-9390-6640E2FD1DB3}
	EndGlobalSection
EndGlobal
